// !$*UTF8*$!
{
	archiveVersion = 1;
	classes = {
	};
	objectVersion = 46;
	objects = {

/* Begin PBXBuildFile section */
		4673B61419C4B4A5008AFA60 /* AppDelegate.swift in Sources */ = {isa = PBXBuildFile; fileRef = 4673B61319C4B4A5008AFA60 /* AppDelegate.swift */; };
		4673B61619C4B4A5008AFA60 /* ViewController.swift in Sources */ = {isa = PBXBuildFile; fileRef = 4673B61519C4B4A5008AFA60 /* ViewController.swift */; };
		4673B61919C4B4A5008AFA60 /* Main.storyboard in Resources */ = {isa = PBXBuildFile; fileRef = 4673B61719C4B4A5008AFA60 /* Main.storyboard */; };
		4673B61B19C4B4A5008AFA60 /* Images.xcassets in Resources */ = {isa = PBXBuildFile; fileRef = 4673B61A19C4B4A5008AFA60 /* Images.xcassets */; };
		4673B61E19C4B4A5008AFA60 /* LaunchScreen.xib in Resources */ = {isa = PBXBuildFile; fileRef = 4673B61C19C4B4A5008AFA60 /* LaunchScreen.xib */; };
		4673B62A19C4B4A5008AFA60 /* PostcardTests.swift in Sources */ = {isa = PBXBuildFile; fileRef = 4673B62919C4B4A5008AFA60 /* PostcardTests.swift */; };
		4673B63419C4BADC008AFA60 /* SagradaFamilia.jpeg in Resources */ = {isa = PBXBuildFile; fileRef = 4673B63319C4BADC008AFA60 /* SagradaFamilia.jpeg */; };
		4673B63619C4BE75008AFA60 /* AlbertEinsteinStamp.jpg in Resources */ = {isa = PBXBuildFile; fileRef = 4673B63519C4BE75008AFA60 /* AlbertEinsteinStamp.jpg */; };
/* End PBXBuildFile section */

/* Begin PBXContainerItemProxy section */
		4673B62419C4B4A5008AFA60 /* PBXContainerItemProxy */ = {
			isa = PBXContainerItemProxy;
			containerPortal = 4673B60619C4B4A5008AFA60 /* Project object */;
			proxyType = 1;
			remoteGlobalIDString = 4673B60D19C4B4A5008AFA60;
			remoteInfo = Postcard;
		};
/* End PBXContainerItemProxy section */

/* Begin PBXFileReference section */
		4673B60E19C4B4A5008AFA60 /* Postcard.app */ = {isa = PBXFileReference; explicitFileType = wrapper.application; includeInIndex = 0; path = Postcard.app; sourceTree = BUILT_PRODUCTS_DIR; };
		4673B61219C4B4A5008AFA60 /* Info.plist */ = {isa = PBXFileReference; lastKnownFileType = text.plist.xml; path = Info.plist; sourceTree = "<group>"; };
		4673B61319C4B4A5008AFA60 /* AppDelegate.swift */ = {isa = PBXFileReference; lastKnownFileType = sourcecode.swift; path = AppDelegate.swift; sourceTree = "<group>"; };
		4673B61519C4B4A5008AFA60 /* ViewController.swift */ = {isa = PBXFileReference; lastKnownFileType = sourcecode.swift; path = ViewController.swift; sourceTree = "<group>"; };
		4673B61819C4B4A5008AFA60 /* Base */ = {isa = PBXFileReference; lastKnownFileType = file.storyboard; name = Base; path = Base.lproj/Main.storyboard; sourceTree = "<group>"; };
		4673B61A19C4B4A5008AFA60 /* Images.xcassets */ = {isa = PBXFileReference; lastKnownFileType = folder.assetcatalog; path = Images.xcassets; sourceTree = "<group>"; };
		4673B61D19C4B4A5008AFA60 /* Base */ = {isa = PBXFileReference; lastKnownFileType = file.xib; name = Base; path = Base.lproj/LaunchScreen.xib; sourceTree = "<group>"; };
		4673B62319C4B4A5008AFA60 /* PostcardTests.xctest */ = {isa = PBXFileReference; explicitFileType = wrapper.cfbundle; includeInIndex = 0; path = PostcardTests.xctest; sourceTree = BUILT_PRODUCTS_DIR; };
		4673B62819C4B4A5008AFA60 /* Info.plist */ = {isa = PBXFileReference; lastKnownFileType = text.plist.xml; path = Info.plist; sourceTree = "<group>"; };
		4673B62919C4B4A5008AFA60 /* PostcardTests.swift */ = {isa = PBXFileReference; lastKnownFileType = sourcecode.swift; path = PostcardTests.swift; sourceTree = "<group>"; };
		4673B63319C4BADC008AFA60 /* SagradaFamilia.jpeg */ = {isa = PBXFileReference; lastKnownFileType = image.jpeg; path = SagradaFamilia.jpeg; sourceTree = "<group>"; };
		4673B63519C4BE75008AFA60 /* AlbertEinsteinStamp.jpg */ = {isa = PBXFileReference; lastKnownFileType = image.jpeg; path = AlbertEinsteinStamp.jpg; sourceTree = "<group>"; };
/* End PBXFileReference section */

/* Begin PBXFrameworksBuildPhase section */
		4673B60B19C4B4A5008AFA60 /* Frameworks */ = {
			isa = PBXFrameworksBuildPhase;
			buildActionMask = 2147483647;
			files = (
			);
			runOnlyForDeploymentPostprocessing = 0;
		};
		4673B62019C4B4A5008AFA60 /* Frameworks */ = {
			isa = PBXFrameworksBuildPhase;
			buildActionMask = 2147483647;
			files = (
			);
			runOnlyForDeploymentPostprocessing = 0;
		};
/* End PBXFrameworksBuildPhase section */

/* Begin PBXGroup section */
		4673B60519C4B4A4008AFA60 = {
			isa = PBXGroup;
			children = (
				4673B61019C4B4A5008AFA60 /* Postcard */,
				4673B62619C4B4A5008AFA60 /* PostcardTests */,
				4673B60F19C4B4A5008AFA60 /* Products */,
			);
			sourceTree = "<group>";
		};
		4673B60F19C4B4A5008AFA60 /* Products */ = {
			isa = PBXGroup;
			children = (
				4673B60E19C4B4A5008AFA60 /* Postcard.app */,
				4673B62319C4B4A5008AFA60 /* PostcardTests.xctest */,
			);
			name = Products;
			sourceTree = "<group>";
		};
		4673B61019C4B4A5008AFA60 /* Postcard */ = {
			isa = PBXGroup;
			children = (
				4673B61319C4B4A5008AFA60 /* AppDelegate.swift */,
				4673B61519C4B4A5008AFA60 /* ViewController.swift */,
				4673B61719C4B4A5008AFA60 /* Main.storyboard */,
				4673B61A19C4B4A5008AFA60 /* Images.xcassets */,
				4673B61C19C4B4A5008AFA60 /* LaunchScreen.xib */,
				4673B61119C4B4A5008AFA60 /* Supporting Files */,
			);
			path = Postcard;
			sourceTree = "<group>";
		};
		4673B61119C4B4A5008AFA60 /* Supporting Files */ = {
			isa = PBXGroup;
			children = (
				4673B63319C4BADC008AFA60 /* SagradaFamilia.jpeg */,
				4673B63519C4BE75008AFA60 /* AlbertEinsteinStamp.jpg */,
				4673B61219C4B4A5008AFA60 /* Info.plist */,
			);
			name = "Supporting Files";
			sourceTree = "<group>";
		};
		4673B62619C4B4A5008AFA60 /* PostcardTests */ = {
			isa = PBXGroup;
			children = (
				4673B62919C4B4A5008AFA60 /* PostcardTests.swift */,
				4673B62719C4B4A5008AFA60 /* Supporting Files */,
			);
			path = PostcardTests;
			sourceTree = "<group>";
		};
		4673B62719C4B4A5008AFA60 /* Supporting Files */ = {
			isa = PBXGroup;
			children = (
				4673B62819C4B4A5008AFA60 /* Info.plist */,
			);
			name = "Supporting Files";
			sourceTree = "<group>";
		};
/* End PBXGroup section */

/* Begin PBXNativeTarget section */
		4673B60D19C4B4A5008AFA60 /* Postcard */ = {
			isa = PBXNativeTarget;
			buildConfigurationList = 4673B62D19C4B4A5008AFA60 /* Build configuration list for PBXNativeTarget "Postcard" */;
			buildPhases = (
				4673B60A19C4B4A5008AFA60 /* Sources */,
				4673B60B19C4B4A5008AFA60 /* Frameworks */,
				4673B60C19C4B4A5008AFA60 /* Resources */,
			);
			buildRules = (
			);
			dependencies = (
			);
			name = Postcard;
			productName = Postcard;
			productReference = 4673B60E19C4B4A5008AFA60 /* Postcard.app */;
			productType = "com.apple.product-type.application";
		};
		4673B62219C4B4A5008AFA60 /* PostcardTests */ = {
			isa = PBXNativeTarget;
			buildConfigurationList = 4673B63019C4B4A5008AFA60 /* Build configuration list for PBXNativeTarget "PostcardTests" */;
			buildPhases = (
				4673B61F19C4B4A5008AFA60 /* Sources */,
				4673B62019C4B4A5008AFA60 /* Frameworks */,
				4673B62119C4B4A5008AFA60 /* Resources */,
			);
			buildRules = (
			);
			dependencies = (
				4673B62519C4B4A5008AFA60 /* PBXTargetDependency */,
			);
			name = PostcardTests;
			productName = PostcardTests;
			productReference = 4673B62319C4B4A5008AFA60 /* PostcardTests.xctest */;
			productType = "com.apple.product-type.bundle.unit-test";
		};
/* End PBXNativeTarget section */

/* Begin PBXProject section */
		4673B60619C4B4A5008AFA60 /* Project object */ = {
			isa = PBXProject;
			attributes = {
				LastUpgradeCheck = 0600;
				ORGANIZATIONNAME = "Tim Wilson";
				TargetAttributes = {
					4673B60D19C4B4A5008AFA60 = {
						CreatedOnToolsVersion = 6.0;
					};
					4673B62219C4B4A5008AFA60 = {
						CreatedOnToolsVersion = 6.0;
						TestTargetID = 4673B60D19C4B4A5008AFA60;
					};
				};
			};
			buildConfigurationList = 4673B60919C4B4A5008AFA60 /* Build configuration list for PBXProject "Postcard" */;
			compatibilityVersion = "Xcode 3.2";
			developmentRegion = English;
			hasScannedForEncodings = 0;
			knownRegions = (
				en,
				Base,
			);
			mainGroup = 4673B60519C4B4A4008AFA60;
			productRefGroup = 4673B60F19C4B4A5008AFA60 /* Products */;
			projectDirPath = "";
			projectRoot = "";
			targets = (
				4673B60D19C4B4A5008AFA60 /* Postcard */,
				4673B62219C4B4A5008AFA60 /* PostcardTests */,
			);
		};
/* End PBXProject section */

/* Begin PBXResourcesBuildPhase section */
		4673B60C19C4B4A5008AFA60 /* Resources */ = {
			isa = PBXResourcesBuildPhase;
			buildActionMask = 2147483647;
			files = (
				4673B61919C4B4A5008AFA60 /* Main.storyboard in Resources */,
				4673B63419C4BADC008AFA60 /* SagradaFamilia.jpeg in Resources */,
				4673B63619C4BE75008AFA60 /* AlbertEinsteinStamp.jpg in Resources */,
				4673B61E19C4B4A5008AFA60 /* LaunchScreen.xib in Resources */,
				4673B61B19C4B4A5008AFA60 /* Images.xcassets in Resources */,
			);
			runOnlyForDeploymentPostprocessing = 0;
		};
		4673B62119C4B4A5008AFA60 /* Resources */ = {
			isa = PBXResourcesBuildPhase;
			buildActionMask = 2147483647;
			files = (
			);
			runOnlyForDeploymentPostprocessing = 0;
		};
/* End PBXResourcesBuildPhase section */

/* Begin PBXSourcesBuildPhase section */
		4673B60A19C4B4A5008AFA60 /* Sources */ = {
			isa = PBXSourcesBuildPhase;
			buildActionMask = 2147483647;
			files = (
				4673B61619C4B4A5008AFA60 /* ViewController.swift in Sources */,
				4673B61419C4B4A5008AFA60 /* AppDelegate.swift in Sources */,
			);
			runOnlyForDeploymentPostprocessing = 0;
		};
		4673B61F19C4B4A5008AFA60 /* Sources */ = {
			isa = PBXSourcesBuildPhase;
			buildActionMask = 2147483647;
			files = (
				4673B62A19C4B4A5008AFA60 /* PostcardTests.swift in Sources */,
			);
			runOnlyForDeploymentPostprocessing = 0;
		};
/* End PBXSourcesBuildPhase section */

/* Begin PBXTargetDependency section */
		4673B62519C4B4A5008AFA60 /* PBXTargetDependency */ = {
			isa = PBXTargetDependency;
			target = 4673B60D19C4B4A5008AFA60 /* Postcard */;
			targetProxy = 4673B62419C4B4A5008AFA60 /* PBXContainerItemProxy */;
		};
/* End PBXTargetDependency section */

/* Begin PBXVariantGroup section */
		4673B61719C4B4A5008AFA60 /* Main.storyboard */ = {
			isa = PBXVariantGroup;
			children = (
				4673B61819C4B4A5008AFA60 /* Base */,
			);
			name = Main.storyboard;
			sourceTree = "<group>";
		};
		4673B61C19C4B4A5008AFA60 /* LaunchScreen.xib */ = {
			isa = PBXVariantGroup;
			children = (
				4673B61D19C4B4A5008AFA60 /* Base */,
			);
			name = LaunchScreen.xib;
			sourceTree = "<group>";
		};
/* End PBXVariantGroup section */

/* Begin XCBuildConfiguration section */
		4673B62B19C4B4A5008AFA60 /* Debug */ = {
			isa = XCBuildConfiguration;
			buildSettings = {
				ALWAYS_SEARCH_USER_PATHS = NO;
				CLANG_CXX_LANGUAGE_STANDARD = "gnu++0x";
				CLANG_CXX_LIBRARY = "libc++";
				CLANG_ENABLE_MODULES = YES;
				CLANG_ENABLE_OBJC_ARC = YES;
				CLANG_WARN_BOOL_CONVERSION = YES;
				CLANG_WARN_CONSTANT_CONVERSION = YES;
				CLANG_WARN_DIRECT_OBJC_ISA_USAGE = YES_ERROR;
				CLANG_WARN_EMPTY_BODY = YES;
				CLANG_WARN_ENUM_CONVERSION = YES;
				CLANG_WARN_INT_CONVERSION = YES;
				CLANG_WARN_OBJC_ROOT_CLASS = YES_ERROR;
				CLANG_WARN_UNREACHABLE_CODE = YES;
				CLANG_WARN__DUPLICATE_METHOD_MATCH = YES;
				"CODE_SIGN_IDENTITY[sdk=iphoneos*]" = "iPhone Developer";
				COPY_PHASE_STRIP = NO;
				ENABLE_STRICT_OBJC_MSGSEND = YES;
				GCC_C_LANGUAGE_STANDARD = gnu99;
				GCC_DYNAMIC_NO_PIC = NO;
				GCC_OPTIMIZATION_LEVEL = 0;
				GCC_PREPROCESSOR_DEFINITIONS = (
					"DEBUG=1",
					"$(inherited)",
				);
				GCC_SYMBOLS_PRIVATE_EXTERN = NO;
				GCC_WARN_64_TO_32_BIT_CONVERSION = YES;
				GCC_WARN_ABOUT_RETURN_TYPE = YES_ERROR;
				GCC_WARN_UNDECLARED_SELECTOR = YES;
				GCC_WARN_UNINITIALIZED_AUTOS = YES_AGGRESSIVE;
				GCC_WARN_UNUSED_FUNCTION = YES;
				GCC_WARN_UNUSED_VARIABLE = YES;
				IPHONEOS_DEPLOYMENT_TARGET = 8.0;
				MTL_ENABLE_DEBUG_INFO = YES;
				ONLY_ACTIVE_ARCH = YES;
				SDKROOT = iphoneos;
				SWIFT_OPTIMIZATION_LEVEL = "-Onone";
			};
			name = Debug;
		};
		4673B62C19C4B4A5008AFA60 /* Release */ = {
			isa = XCBuildConfiguration;
			buildSettings = {
				ALWAYS_SEARCH_USER_PATHS = NO;
				CLANG_CXX_LANGUAGE_STANDARD = "gnu++0x";
				CLANG_CXX_LIBRARY = "libc++";
				CLANG_ENABLE_MODULES = YES;
				CLANG_ENABLE_OBJC_ARC = YES;
				CLANG_WARN_BOOL_CONVERSION = YES;
				CLANG_WARN_CONSTANT_CONVERSION = YES;
				CLANG_WARN_DIRECT_OBJC_ISA_USAGE = YES_ERROR;
				CLANG_WARN_EMPTY_BODY = YES;
				CLANG_WARN_ENUM_CONVERSION = YES;
				CLANG_WARN_INT_CONVERSION = YES;
				CLANG_WARN_OBJC_ROOT_CLASS = YES_ERROR;
				CLANG_WARN_UNREACHABLE_CODE = YES;
				CLANG_WARN__DUPLICATE_METHOD_MATCH = YES;
				"CODE_SIGN_IDENTITY[sdk=iphoneos*]" = "iPhone Developer";
				COPY_PHASE_STRIP = YES;
				ENABLE_NS_ASSERTIONS = NO;
				ENABLE_STRICT_OBJC_MSGSEND = YES;
				GCC_C_LANGUAGE_STANDARD = gnu99;
				GCC_WARN_64_TO_32_BIT_CONVERSION = YES;
				GCC_WARN_ABOUT_RETURN_TYPE = YES_ERROR;
				GCC_WARN_UNDECLARED_SELECTOR = YES;
				GCC_WARN_UNINITIALIZED_AUTOS = YES_AGGRESSIVE;
				GCC_WARN_UNUSED_FUNCTION = YES;
				GCC_WARN_UNUSED_VARIABLE = YES;
				IPHONEOS_DEPLOYMENT_TARGET = 8.0;
				MTL_ENABLE_DEBUG_INFO = NO;
				SDKROOT = iphoneos;
				VALIDATE_PRODUCT = YES;
			};
			name = Release;
		};
		4673B62E19C4B4A5008AFA60 /* Debug */ = {
			isa = XCBuildConfiguration;
			buildSettings = {
				ASSETCATALOG_COMPILER_APPICON_NAME = AppIcon;
				INFOPLIST_FILE = Postcard/Info.plist;
				LD_RUNPATH_SEARCH_PATHS = "$(inherited) @executable_path/Frameworks";
				PRODUCT_NAME = "$(TARGET_NAME)";
			};
			name = Debug;
		};
		4673B62F19C4B4A5008AFA60 /* Release */ = {
			isa = XCBuildConfiguration;
			buildSettings = {
				ASSETCATALOG_COMPILER_APPICON_NAME = AppIcon;
				INFOPLIST_FILE = Postcard/Info.plist;
				LD_RUNPATH_SEARCH_PATHS = "$(inherited) @executable_path/Frameworks";
				PRODUCT_NAME = "$(TARGET_NAME)";
			};
			name = Release;
		};
		4673B63119C4B4A5008AFA60 /* Debug */ = {
			isa = XCBuildConfiguration;
			buildSettings = {
				BUNDLE_LOADER = "$(TEST_HOST)";
				FRAMEWORK_SEARCH_PATHS = (
					"$(SDKROOT)/Developer/Library/Frameworks",
					"$(inherited)",
				);
				GCC_PREPROCESSOR_DEFINITIONS = (
					"DEBUG=1",
					"$(inherited)",
				);
				INFOPLIST_FILE = PostcardTests/Info.plist;
				LD_RUNPATH_SEARCH_PATHS = "$(inherited) @executable_path/Frameworks @loader_path/Frameworks";
				PRODUCT_NAME = "$(TARGET_NAME)";
				TEST_HOST = "$(BUILT_PRODUCTS_DIR)/Postcard.app/Postcard";
			};
			name = Debug;
		};
		4673B63219C4B4A5008AFA60 /* Release */ = {
			isa = XCBuildConfiguration;
			buildSettings = {
				BUNDLE_LOADER = "$(TEST_HOST)";
				FRAMEWORK_SEARCH_PATHS = (
					"$(SDKROOT)/Developer/Library/Frameworks",
					"$(inherited)",
				);
				INFOPLIST_FILE = PostcardTests/Info.plist;
				LD_RUNPATH_SEARCH_PATHS = "$(inherited) @executable_path/Frameworks @loader_path/Frameworks";
				PRODUCT_NAME = "$(TARGET_NAME)";
				TEST_HOST = "$(BUILT_PRODUCTS_DIR)/Postcard.app/Postcard";
			};
			name = Release;
		};
/* End XCBuildConfiguration section */

/* Begin XCConfigurationList section */
		4673B60919C4B4A5008AFA60 /* Build configuration list for PBXProject "Postcard" */ = {
			isa = XCConfigurationList;
			buildConfigurations = (
				4673B62B19C4B4A5008AFA60 /* Debug */,
				4673B62C19C4B4A5008AFA60 /* Release */,
			);
			defaultConfigurationIsVisible = 0;
			defaultConfigurationName = Release;
		};
		4673B62D19C4B4A5008AFA60 /* Build configuration list for PBXNativeTarget "Postcard" */ = {
			isa = XCConfigurationList;
			buildConfigurations = (
				4673B62E19C4B4A5008AFA60 /* Debug */,
				4673B62F19C4B4A5008AFA60 /* Release */,
			);
			defaultConfigurationIsVisible = 0;
		};
		4673B63019C4B4A5008AFA60 /* Build configuration list for PBXNativeTarget "PostcardTests" */ = {
			isa = XCConfigurationList;
			buildConfigurations = (
				4673B63119C4B4A5008AFA60 /* Debug */,
				4673B63219C4B4A5008AFA60 /* Release */,
			);
			defaultConfigurationIsVisible = 0;
		};
/* End XCConfigurationList section */
	};
	rootObject = 4673B60619C4B4A5008AFA60 /* Project object */;
}
